
Microsoft Visual Studio Solution File, Format Version 12.00
# Visual Studio Version 16
VisualStudioVersion = 16.0.30413.136
MinimumVisualStudioVersion = 10.0.40219.1
Project("{9A19103F-16F7-4668-BE54-9A1E7A4F7556}") = "ConsoleExpressionCalculator", "ConsoleExpressionCalculator\ConsoleExpressionCalculator.csproj", "{B2F490E0-EBF8-4BF0-9A30-454C99CB9BAE}"
EndProject
Project("{9A19103F-16F7-4668-BE54-9A1E7A4F7556}") = "ConsoleExpressionCalculator.Tests", "ConsoleExpressionCalculator.Tests\ConsoleExpressionCalculator.Tests.csproj", "{F9FFDD6F-09DD-4CEF-A6DC-49B2C2FC853B}"
EndProject
Global
	GlobalSection(SolutionConfigurationPlatforms) = preSolution
		Debug|Any CPU = Debug|Any CPU
		Release|Any CPU = Release|Any CPU
	EndGlobalSection
	GlobalSection(ProjectConfigurationPlatforms) = postSolution
		{B2F490E0-EBF8-4BF0-9A30-454C99CB9BAE}.Debug|Any CPU.ActiveCfg = Debug|Any CPU
		{B2F490E0-EBF8-4BF0-9A30-454C99CB9BAE}.Debug|Any CPU.Build.0 = Debug|Any CPU
		{B2F490E0-EBF8-4BF0-9A30-454C99CB9BAE}.Release|Any CPU.ActiveCfg = Release|Any CPU
		{B2F490E0-EBF8-4BF0-9A30-454C99CB9BAE}.Release|Any CPU.Build.0 = Release|Any CPU
		{F9FFDD6F-09DD-4CEF-A6DC-49B2C2FC853B}.Debug|Any CPU.ActiveCfg = Debug|Any CPU
		{F9FFDD6F-09DD-4CEF-A6DC-49B2C2FC853B}.Debug|Any CPU.Build.0 = Debug|Any CPU
		{F9FFDD6F-09DD-4CEF-A6DC-49B2C2FC853B}.Release|Any CPU.ActiveCfg = Release|Any CPU
		{F9FFDD6F-09DD-4CEF-A6DC-49B2C2FC853B}.Release|Any CPU.Build.0 = Release|Any CPU
	EndGlobalSection
	GlobalSection(SolutionProperties) = preSolution
		HideSolutionNode = FALSE
	EndGlobalSection
	GlobalSection(ExtensibilityGlobals) = postSolution
		SolutionGuid = {899AD7CD-0F40-44F0-8E20-34863BB34AE7}
	EndGlobalSection
EndGlobal
